
Microsoft Visual Studio Solution File, Format Version 12.00
# Visual Studio 15
VisualStudioVersion = 15.0.28307.329
MinimumVisualStudioVersion = 10.0.40219.1
Project("{FAE04EC0-301F-11D3-BF4B-00C04F79EFBC}") = "Task2", "Task2\Task2.csproj", "{07872F6D-3B8B-44EF-BCC1-86274F2EA502}"
EndProject
Global
	GlobalSection(SolutionConfigurationPlatforms) = preSolution
		Debug|Any CPU = Debug|Any CPU
		Release|Any CPU = Release|Any CPU
	EndGlobalSection
	GlobalSection(ProjectConfigurationPlatforms) = postSolution
		{07872F6D-3B8B-44EF-BCC1-86274F2EA502}.Debug|Any CPU.ActiveCfg = Debug|Any CPU
		{07872F6D-3B8B-44EF-BCC1-86274F2EA502}.Debug|Any CPU.Build.0 = Debug|Any CPU
		{07872F6D-3B8B-44EF-BCC1-86274F2EA502}.Release|Any CPU.ActiveCfg = Release|Any CPU
		{07872F6D-3B8B-44EF-BCC1-86274F2EA502}.Release|Any CPU.Build.0 = Release|Any CPU
	EndGlobalSection
	GlobalSection(SolutionProperties) = preSolution
		HideSolutionNode = FALSE
	EndGlobalSection
	GlobalSection(ExtensibilityGlobals) = postSolution
		SolutionGuid = {809393FD-5D75-4E73-89C4-E976B348AA49}
	EndGlobalSection
EndGlobal
