
Microsoft Visual Studio Solution File, Format Version 12.00
# Visual Studio 15
VisualStudioVersion = 15.0.28307.329
MinimumVisualStudioVersion = 10.0.40219.1
Project("{FAE04EC0-301F-11D3-BF4B-00C04F79EFBC}") = "Task1", "Task1\Task1.csproj", "{1C532D74-41D7-4D3F-857F-929EF82702CD}"
EndProject
Global
	GlobalSection(SolutionConfigurationPlatforms) = preSolution
		Debug|Any CPU = Debug|Any CPU
		Release|Any CPU = Release|Any CPU
	EndGlobalSection
	GlobalSection(ProjectConfigurationPlatforms) = postSolution
		{1C532D74-41D7-4D3F-857F-929EF82702CD}.Debug|Any CPU.ActiveCfg = Debug|Any CPU
		{1C532D74-41D7-4D3F-857F-929EF82702CD}.Debug|Any CPU.Build.0 = Debug|Any CPU
		{1C532D74-41D7-4D3F-857F-929EF82702CD}.Release|Any CPU.ActiveCfg = Release|Any CPU
		{1C532D74-41D7-4D3F-857F-929EF82702CD}.Release|Any CPU.Build.0 = Release|Any CPU
	EndGlobalSection
	GlobalSection(SolutionProperties) = preSolution
		HideSolutionNode = FALSE
	EndGlobalSection
	GlobalSection(ExtensibilityGlobals) = postSolution
		SolutionGuid = {BA7FC476-BDB5-4F37-AA1D-E45A4E8CE4A2}
	EndGlobalSection
EndGlobal
